
Microsoft Visual Studio Solution File, Format Version 12.00
# Visual Studio 2013
VisualStudioVersion = 12.0.31101.0
MinimumVisualStudioVersion = 10.0.40219.1
Project("{FAE04EC0-301F-11D3-BF4B-00C04F79EFBC}") = "FindFoscam", "FindFoscam\FindFoscam.csproj", "{E449368B-359B-49A5-9093-9FE4C84E21AB}"
EndProject
Global
	GlobalSection(SolutionConfigurationPlatforms) = preSolution
		Debug|Any CPU = Debug|Any CPU
		Release|Any CPU = Release|Any CPU
	EndGlobalSection
	GlobalSection(ProjectConfigurationPlatforms) = postSolution
		{E449368B-359B-49A5-9093-9FE4C84E21AB}.Debug|Any CPU.ActiveCfg = Debug|Any CPU
		{E449368B-359B-49A5-9093-9FE4C84E21AB}.Debug|Any CPU.Build.0 = Debug|Any CPU
		{E449368B-359B-49A5-9093-9FE4C84E21AB}.Release|Any CPU.ActiveCfg = Release|Any CPU
		{E449368B-359B-49A5-9093-9FE4C84E21AB}.Release|Any CPU.Build.0 = Release|Any CPU
	EndGlobalSection
	GlobalSection(SolutionProperties) = preSolution
		HideSolutionNode = FALSE
	EndGlobalSection
EndGlobal
